
Microsoft Visual Studio Solution File, Format Version 12.00
# Visual Studio Version 16
VisualStudioVersion = 16.0.31624.102
MinimumVisualStudioVersion = 10.0.40219.1
Project("{2150E333-8FDC-42A3-9474-1A3956D46DE8}") = "src", "src", "{7E4AE557-4C08-4AFE-AEAC-5948FE6699DD}"
EndProject
Project("{2150E333-8FDC-42A3-9474-1A3956D46DE8}") = "tests", "tests", "{82F9B958-9FE9-4329-A0C8-20836086C422}"
EndProject
Project("{FAE04EC0-301F-11D3-BF4B-00C04F79EFBC}") = "Alura.LeilaoOnline.Core", "Alura.LeilaoOnline.Core\Alura.LeilaoOnline.Core.csproj", "{56C74D71-FCA8-4DB5-BF59-35DA200BA761}"
EndProject
Project("{FAE04EC0-301F-11D3-BF4B-00C04F79EFBC}") = "Alura.LeilaoOnline.ConsoleApp", "Alura.LeilaoOnline.ConsoleApp\Alura.LeilaoOnline.ConsoleApp.csproj", "{A71D9891-958B-4E1E-BEF2-898A23D8B221}"
EndProject
Project("{FAE04EC0-301F-11D3-BF4B-00C04F79EFBC}") = "Alura.LeilaoOnline.Tests", "Alura.LeilaoOnline.Tests\Alura.LeilaoOnline.Tests.csproj", "{38120411-FBFF-4ABA-A82B-E9C705E869FD}"
EndProject
Global
	GlobalSection(SolutionConfigurationPlatforms) = preSolution
		Debug|Any CPU = Debug|Any CPU
		Release|Any CPU = Release|Any CPU
	EndGlobalSection
	GlobalSection(ProjectConfigurationPlatforms) = postSolution
		{56C74D71-FCA8-4DB5-BF59-35DA200BA761}.Debug|Any CPU.ActiveCfg = Debug|Any CPU
		{56C74D71-FCA8-4DB5-BF59-35DA200BA761}.Debug|Any CPU.Build.0 = Debug|Any CPU
		{56C74D71-FCA8-4DB5-BF59-35DA200BA761}.Release|Any CPU.ActiveCfg = Release|Any CPU
		{56C74D71-FCA8-4DB5-BF59-35DA200BA761}.Release|Any CPU.Build.0 = Release|Any CPU
		{A71D9891-958B-4E1E-BEF2-898A23D8B221}.Debug|Any CPU.ActiveCfg = Debug|Any CPU
		{A71D9891-958B-4E1E-BEF2-898A23D8B221}.Debug|Any CPU.Build.0 = Debug|Any CPU
		{A71D9891-958B-4E1E-BEF2-898A23D8B221}.Release|Any CPU.ActiveCfg = Release|Any CPU
		{A71D9891-958B-4E1E-BEF2-898A23D8B221}.Release|Any CPU.Build.0 = Release|Any CPU
		{38120411-FBFF-4ABA-A82B-E9C705E869FD}.Debug|Any CPU.ActiveCfg = Debug|Any CPU
		{38120411-FBFF-4ABA-A82B-E9C705E869FD}.Debug|Any CPU.Build.0 = Debug|Any CPU
		{38120411-FBFF-4ABA-A82B-E9C705E869FD}.Release|Any CPU.ActiveCfg = Release|Any CPU
		{38120411-FBFF-4ABA-A82B-E9C705E869FD}.Release|Any CPU.Build.0 = Release|Any CPU
	EndGlobalSection
	GlobalSection(SolutionProperties) = preSolution
		HideSolutionNode = FALSE
	EndGlobalSection
	GlobalSection(NestedProjects) = preSolution
		{56C74D71-FCA8-4DB5-BF59-35DA200BA761} = {7E4AE557-4C08-4AFE-AEAC-5948FE6699DD}
		{A71D9891-958B-4E1E-BEF2-898A23D8B221} = {82F9B958-9FE9-4329-A0C8-20836086C422}
		{38120411-FBFF-4ABA-A82B-E9C705E869FD} = {82F9B958-9FE9-4329-A0C8-20836086C422}
	EndGlobalSection
	GlobalSection(ExtensibilityGlobals) = postSolution
		SolutionGuid = {7B14C1D1-4427-4CEB-A91A-E2572606D403}
	EndGlobalSection
EndGlobal
